
Microsoft Visual Studio Solution File, Format Version 12.00
# Visual Studio 15
VisualStudioVersion = 15.0.28010.2048
MinimumVisualStudioVersion = 10.0.40219.1
Project("{9A19103F-16F7-4668-BE54-9A1E7A4F7556}") = "KinshipAPI", "KinshipAPI\KinshipAPI.csproj", "{2AFE0E1F-CA73-478E-8C08-FEEADCDB4EC2}"
EndProject
Project("{9A19103F-16F7-4668-BE54-9A1E7A4F7556}") = "AuthAPI", "AuthAPI\AuthAPI.csproj", "{9BAFAB75-05D2-4F66-9481-608E4F31F38B}"
EndProject
Project("{9A19103F-16F7-4668-BE54-9A1E7A4F7556}") = "APIHelper", "APIHelper\APIHelper.csproj", "{BB686954-D60A-439A-B9DA-5DCE0B6DF34D}"
EndProject
Project("{FAE04EC0-301F-11D3-BF4B-00C04F79EFBC}") = "World0", "World0\World0.csproj", "{AEDD10CD-AA05-4ADE-A003-6422AE84B6BA}"
EndProject
Global
	GlobalSection(SolutionConfigurationPlatforms) = preSolution
		Debug|Any CPU = Debug|Any CPU
		Release|Any CPU = Release|Any CPU
	EndGlobalSection
	GlobalSection(ProjectConfigurationPlatforms) = postSolution
		{2AFE0E1F-CA73-478E-8C08-FEEADCDB4EC2}.Debug|Any CPU.ActiveCfg = Debug|Any CPU
		{2AFE0E1F-CA73-478E-8C08-FEEADCDB4EC2}.Debug|Any CPU.Build.0 = Debug|Any CPU
		{2AFE0E1F-CA73-478E-8C08-FEEADCDB4EC2}.Release|Any CPU.ActiveCfg = Release|Any CPU
		{2AFE0E1F-CA73-478E-8C08-FEEADCDB4EC2}.Release|Any CPU.Build.0 = Release|Any CPU
		{9BAFAB75-05D2-4F66-9481-608E4F31F38B}.Debug|Any CPU.ActiveCfg = Debug|Any CPU
		{9BAFAB75-05D2-4F66-9481-608E4F31F38B}.Debug|Any CPU.Build.0 = Debug|Any CPU
		{9BAFAB75-05D2-4F66-9481-608E4F31F38B}.Release|Any CPU.ActiveCfg = Release|Any CPU
		{9BAFAB75-05D2-4F66-9481-608E4F31F38B}.Release|Any CPU.Build.0 = Release|Any CPU
		{BB686954-D60A-439A-B9DA-5DCE0B6DF34D}.Debug|Any CPU.ActiveCfg = Debug|Any CPU
		{BB686954-D60A-439A-B9DA-5DCE0B6DF34D}.Debug|Any CPU.Build.0 = Debug|Any CPU
		{BB686954-D60A-439A-B9DA-5DCE0B6DF34D}.Release|Any CPU.ActiveCfg = Release|Any CPU
		{BB686954-D60A-439A-B9DA-5DCE0B6DF34D}.Release|Any CPU.Build.0 = Release|Any CPU
		{AEDD10CD-AA05-4ADE-A003-6422AE84B6BA}.Debug|Any CPU.ActiveCfg = Debug|Any CPU
		{AEDD10CD-AA05-4ADE-A003-6422AE84B6BA}.Debug|Any CPU.Build.0 = Debug|Any CPU
		{AEDD10CD-AA05-4ADE-A003-6422AE84B6BA}.Release|Any CPU.ActiveCfg = Release|Any CPU
		{AEDD10CD-AA05-4ADE-A003-6422AE84B6BA}.Release|Any CPU.Build.0 = Release|Any CPU
	EndGlobalSection
	GlobalSection(SolutionProperties) = preSolution
		HideSolutionNode = FALSE
	EndGlobalSection
	GlobalSection(ExtensibilityGlobals) = postSolution
		SolutionGuid = {367AB2C8-9169-4597-80B3-FF34CED5D440}
	EndGlobalSection
EndGlobal
